
Microsoft Visual Studio Solution File, Format Version 12.00
# Visual Studio Version 16
VisualStudioVersion = 16.0.30011.22
MinimumVisualStudioVersion = 10.0.40219.1
Project("{FAE04EC0-301F-11D3-BF4B-00C04F79EFBC}") = "BookSelling", "BookSelling\BookSelling.csproj", "{0A5C0D8B-0394-468D-8185-B2ADA478A7FD}"
EndProject
Project("{FAE04EC0-301F-11D3-BF4B-00C04F79EFBC}") = "Model", "Model\Model.csproj", "{F691E8D4-89C0-435C-8FA2-4F6DDB409379}"
EndProject
Global
	GlobalSection(SolutionConfigurationPlatforms) = preSolution
		Debug|Any CPU = Debug|Any CPU
		Release|Any CPU = Release|Any CPU
	EndGlobalSection
	GlobalSection(ProjectConfigurationPlatforms) = postSolution
		{0A5C0D8B-0394-468D-8185-B2ADA478A7FD}.Debug|Any CPU.ActiveCfg = Debug|Any CPU
		{0A5C0D8B-0394-468D-8185-B2ADA478A7FD}.Debug|Any CPU.Build.0 = Debug|Any CPU
		{0A5C0D8B-0394-468D-8185-B2ADA478A7FD}.Release|Any CPU.ActiveCfg = Release|Any CPU
		{0A5C0D8B-0394-468D-8185-B2ADA478A7FD}.Release|Any CPU.Build.0 = Release|Any CPU
		{F691E8D4-89C0-435C-8FA2-4F6DDB409379}.Debug|Any CPU.ActiveCfg = Debug|Any CPU
		{F691E8D4-89C0-435C-8FA2-4F6DDB409379}.Debug|Any CPU.Build.0 = Debug|Any CPU
		{F691E8D4-89C0-435C-8FA2-4F6DDB409379}.Release|Any CPU.ActiveCfg = Release|Any CPU
		{F691E8D4-89C0-435C-8FA2-4F6DDB409379}.Release|Any CPU.Build.0 = Release|Any CPU
	EndGlobalSection
	GlobalSection(SolutionProperties) = preSolution
		HideSolutionNode = FALSE
	EndGlobalSection
	GlobalSection(ExtensibilityGlobals) = postSolution
		SolutionGuid = {24F8ECBC-DB94-447A-921B-DCEDB4FAE49E}
	EndGlobalSection
EndGlobal
